
Microsoft Visual Studio Solution File, Format Version 12.00
# Visual Studio Version 17
VisualStudioVersion = 17.1.32414.318
MinimumVisualStudioVersion = 10.0.40219.1
Project("{FAE04EC0-301F-11D3-BF4B-00C04F79EFBC}") = "TreinandoInterfaces", "TreinandoInterfaces.csproj", "{BB2B4333-2483-4AB6-AB3D-B1CE8052EFFD}"
EndProject
Global
	GlobalSection(SolutionConfigurationPlatforms) = preSolution
		Debug|Any CPU = Debug|Any CPU
		Release|Any CPU = Release|Any CPU
	EndGlobalSection
	GlobalSection(ProjectConfigurationPlatforms) = postSolution
		{BB2B4333-2483-4AB6-AB3D-B1CE8052EFFD}.Debug|Any CPU.ActiveCfg = Debug|Any CPU
		{BB2B4333-2483-4AB6-AB3D-B1CE8052EFFD}.Debug|Any CPU.Build.0 = Debug|Any CPU
		{BB2B4333-2483-4AB6-AB3D-B1CE8052EFFD}.Release|Any CPU.ActiveCfg = Release|Any CPU
		{BB2B4333-2483-4AB6-AB3D-B1CE8052EFFD}.Release|Any CPU.Build.0 = Release|Any CPU
	EndGlobalSection
	GlobalSection(SolutionProperties) = preSolution
		HideSolutionNode = FALSE
	EndGlobalSection
	GlobalSection(ExtensibilityGlobals) = postSolution
		SolutionGuid = {0A4B9327-F44D-435C-A309-3CEF7C223A06}
	EndGlobalSection
EndGlobal
